PODS:
  - DateTools (1.5.0)
  - GLPubSub (1.0.0)
  - libextobjc (0.4.1):
    - libextobjc/EXTADT (= 0.4.1)
    - libextobjc/EXTConcreteProtocol (= 0.4.1)
    - libextobjc/EXTKeyPathCoding (= 0.4.1)
    - libextobjc/EXTNil (= 0.4.1)
    - libextobjc/EXTSafeCategory (= 0.4.1)
    - libextobjc/EXTScope (= 0.4.1)
    - libextobjc/EXTSelectorChecking (= 0.4.1)
    - libextobjc/EXTSynthesize (= 0.4.1)
    - libextobjc/NSInvocation+EXT (= 0.4.1)
    - libextobjc/NSMethodSignature+EXT (= 0.4.1)
    - libextobjc/RuntimeExtensions (= 0.4.1)
    - libextobjc/UmbrellaHeader (= 0.4.1)
  - libextobjc/EXTADT (0.4.1):
    - libextobjc/RuntimeExtensions
  - libextobjc/EXTConcreteProtocol (0.4.1):
    - libextobjc/RuntimeExtensions
  - libextobjc/EXTKeyPathCoding (0.4.1):
    - libextobjc/RuntimeExtensions
  - libextobjc/EXTNil (0.4.1):
    - libextobjc/RuntimeExtensions
  - libextobjc/EXTSafeCategory (0.4.1):
    - libextobjc/RuntimeExtensions
  - libextobjc/EXTScope (0.4.1):
    - libextobjc/RuntimeExtensions
  - libextobjc/EXTSelectorChecking (0.4.1):
    - libextobjc/RuntimeExtensions
  - libextobjc/EXTSynthesize (0.4.1):
    - libextobjc/RuntimeExtensions
  - libextobjc/NSInvocation+EXT (0.4.1):
    - libextobjc/RuntimeExtensions
  - libextobjc/NSMethodSignature+EXT (0.4.1):
    - libextobjc/RuntimeExtensions
  - libextobjc/RuntimeExtensions (0.4.1)
  - libextobjc/UmbrellaHeader (0.4.1)
  - Masonry (0.6.1)
  - Reachability (3.2)
  - TMCache (1.2.3)
  - XLForm (2.1.0)
  - YSASIHTTPRequest (2.0.1):
    - YSASIHTTPRequest/Core (= 2.0.1)
  - YSASIHTTPRequest/Core (2.0.1):
    - Reachability

DEPENDENCIES:
  - DateTools (~> 1.5.0)
  - GLPubSub (~> 1.0.0)
  - libextobjc (~> 0.4.1)
  - Masonry (~> 0.6.1)
  - TMCache (~> 1.2.3)
  - XLForm (~> 2.1.0)
  - YSASIHTTPRequest (~> 2.0.1)

SPEC CHECKSUMS:
  DateTools: b93a2c2017747329c6077c7d7e8a75106e23d0d7
  GLPubSub: 822d180d9df430ad58ef9b051cd5b0d1e227f35d
  libextobjc: a650fc1bf489a3d3a9bc2e621efa3e1006fc5471
  Masonry: 4972309f2f134de9dd312f4dc4a21359b50e6caa
  Reachability: 33e18b67625424e47b6cde6d202dce689ad7af96
  TMCache: 5f68bc38d741aa8df4c63131b847522783665d81
  XLForm: ba9e657a360a810ab1f64cc2cd6307fd99a86866
  YSASIHTTPRequest: 52fe05fcfb0c903329c3b7c6714fbf683d13f81e

COCOAPODS: 0.35.0
